
Microsoft Visual Studio Solution File, Format Version 12.00
# Visual Studio Version 16
VisualStudioVersion = 16.0.30907.101
MinimumVisualStudioVersion = 10.0.40219.1
Project("{FAE04EC0-301F-11D3-BF4B-00C04F79EFBC}") = "AppHost", "AppHost.csproj", "{61863CF4-1E9C-4474-BC6C-482F79EB404D}"
EndProject
Global
	GlobalSection(SolutionConfigurationPlatforms) = preSolution
		Debug|Any CPU = Debug|Any CPU
		Release|Any CPU = Release|Any CPU
	EndGlobalSection
	GlobalSection(ProjectConfigurationPlatforms) = postSolution
		{61863CF4-1E9C-4474-BC6C-482F79EB404D}.Debug|Any CPU.ActiveCfg = Debug|Any CPU
		{61863CF4-1E9C-4474-BC6C-482F79EB404D}.Debug|Any CPU.Build.0 = Debug|Any CPU
		{61863CF4-1E9C-4474-BC6C-482F79EB404D}.Release|Any CPU.ActiveCfg = Release|Any CPU
		{61863CF4-1E9C-4474-BC6C-482F79EB404D}.Release|Any CPU.Build.0 = Release|Any CPU
	EndGlobalSection
	GlobalSection(SolutionProperties) = preSolution
		HideSolutionNode = FALSE
	EndGlobalSection
	GlobalSection(ExtensibilityGlobals) = postSolution
		SolutionGuid = {ED2312EE-C707-478F-926C-5C4408DA16BE}
	EndGlobalSection
EndGlobal
