
Microsoft Visual Studio Solution File, Format Version 12.00
# Visual Studio Version 16
VisualStudioVersion = 16.0.30907.101
MinimumVisualStudioVersion = 10.0.40219.1
Project("{FAE04EC0-301F-11D3-BF4B-00C04F79EFBC}") = "TestWebApi", "TestWebApi.csproj", "{B1716178-9F0E-43A0-84F2-0522CE918DCE}"
EndProject
Global
	GlobalSection(SolutionConfigurationPlatforms) = preSolution
		Debug|Any CPU = Debug|Any CPU
		Release|Any CPU = Release|Any CPU
	EndGlobalSection
	GlobalSection(ProjectConfigurationPlatforms) = postSolution
		{B1716178-9F0E-43A0-84F2-0522CE918DCE}.Debug|Any CPU.ActiveCfg = Debug|Any CPU
		{B1716178-9F0E-43A0-84F2-0522CE918DCE}.Debug|Any CPU.Build.0 = Debug|Any CPU
		{B1716178-9F0E-43A0-84F2-0522CE918DCE}.Release|Any CPU.ActiveCfg = Release|Any CPU
		{B1716178-9F0E-43A0-84F2-0522CE918DCE}.Release|Any CPU.Build.0 = Release|Any CPU
	EndGlobalSection
	GlobalSection(SolutionProperties) = preSolution
		HideSolutionNode = FALSE
	EndGlobalSection
	GlobalSection(ExtensibilityGlobals) = postSolution
		SolutionGuid = {92772376-FB42-494C-B97A-F629D42FDFAB}
	EndGlobalSection
EndGlobal
